
Microsoft Visual Studio Solution File, Format Version 12.00
# Visual Studio Version 17
VisualStudioVersion = 17.12.35323.107
MinimumVisualStudioVersion = 10.0.40219.1
Project("{FAE04EC0-301F-11D3-BF4B-00C04F79EFBC}") = "MusicPlayer", "MusicPlayer\MusicPlayer.csproj", "{96BC1C98-E1E1-49E2-A756-D7BF0EDC68CE}"
EndProject
Project("{2150E333-8FDC-42A3-9474-1A3956D46DE8}") = "Solution Items", "Solution Items", "{E24E8182-7A4C-44D4-AC00-85CD1CC36973}"
	ProjectSection(SolutionItems) = preProject
		.editorconfig = .editorconfig
	EndProjectSection
EndProject
Global
	GlobalSection(SolutionConfigurationPlatforms) = preSolution
		Debug|Any CPU = Debug|Any CPU
		Release|Any CPU = Release|Any CPU
	EndGlobalSection
	GlobalSection(ProjectConfigurationPlatforms) = postSolution
		{96BC1C98-E1E1-49E2-A756-D7BF0EDC68CE}.Debug|Any CPU.ActiveCfg = Debug|Any CPU
		{96BC1C98-E1E1-49E2-A756-D7BF0EDC68CE}.Debug|Any CPU.Build.0 = Debug|Any CPU
		{96BC1C98-E1E1-49E2-A756-D7BF0EDC68CE}.Release|Any CPU.ActiveCfg = Release|Any CPU
		{96BC1C98-E1E1-49E2-A756-D7BF0EDC68CE}.Release|Any CPU.Build.0 = Release|Any CPU
	EndGlobalSection
	GlobalSection(SolutionProperties) = preSolution
		HideSolutionNode = FALSE
	EndGlobalSection
	GlobalSection(ExtensibilityGlobals) = postSolution
		SolutionGuid = {3E801A0A-E1CE-4E8B-A5A2-1A38B3F0F79D}
	EndGlobalSection
EndGlobal
